
Microsoft Visual Studio Solution File, Format Version 12.00
# Visual Studio Version 16
VisualStudioVersion = 16.0.31129.286
MinimumVisualStudioVersion = 10.0.40219.1
Project("{FAE04EC0-301F-11D3-BF4B-00C04F79EFBC}") = "appspbox", "appspbox.csproj", "{7DA1962F-7D12-44E4-B3A3-F0DC98C8178C}"
EndProject
Global
	GlobalSection(SolutionConfigurationPlatforms) = preSolution
		Debug|Any CPU = Debug|Any CPU
		Release|Any CPU = Release|Any CPU
	EndGlobalSection
	GlobalSection(ProjectConfigurationPlatforms) = postSolution
		{7DA1962F-7D12-44E4-B3A3-F0DC98C8178C}.Debug|Any CPU.ActiveCfg = Debug|Any CPU
		{7DA1962F-7D12-44E4-B3A3-F0DC98C8178C}.Debug|Any CPU.Build.0 = Debug|Any CPU
		{7DA1962F-7D12-44E4-B3A3-F0DC98C8178C}.Release|Any CPU.ActiveCfg = Release|Any CPU
		{7DA1962F-7D12-44E4-B3A3-F0DC98C8178C}.Release|Any CPU.Build.0 = Release|Any CPU
	EndGlobalSection
	GlobalSection(SolutionProperties) = preSolution
		HideSolutionNode = FALSE
	EndGlobalSection
	GlobalSection(ExtensibilityGlobals) = postSolution
		SolutionGuid = {7E0A841C-AB86-4776-8D56-F1D0F8A7BD65}
	EndGlobalSection
EndGlobal
